
Microsoft Visual Studio Solution File, Format Version 12.00
# Visual Studio Version 17
VisualStudioVersion = 17.9.34723.18
MinimumVisualStudioVersion = 10.0.40219.1
Project("{FAE04EC0-301F-11D3-BF4B-00C04F79EFBC}") = "JobMatch", "JobMatch\JobMatch.csproj", "{83DA9EE2-5ED3-4F1F-9C4B-5784E10DE64F}"
EndProject
Global
	GlobalSection(SolutionConfigurationPlatforms) = preSolution
		Debug|Any CPU = Debug|Any CPU
		Release|Any CPU = Release|Any CPU
	EndGlobalSection
	GlobalSection(ProjectConfigurationPlatforms) = postSolution
		{83DA9EE2-5ED3-4F1F-9C4B-5784E10DE64F}.Debug|Any CPU.ActiveCfg = Debug|Any CPU
		{83DA9EE2-5ED3-4F1F-9C4B-5784E10DE64F}.Debug|Any CPU.Build.0 = Debug|Any CPU
		{83DA9EE2-5ED3-4F1F-9C4B-5784E10DE64F}.Release|Any CPU.ActiveCfg = Release|Any CPU
		{83DA9EE2-5ED3-4F1F-9C4B-5784E10DE64F}.Release|Any CPU.Build.0 = Release|Any CPU
	EndGlobalSection
	GlobalSection(SolutionProperties) = preSolution
		HideSolutionNode = FALSE
	EndGlobalSection
	GlobalSection(ExtensibilityGlobals) = postSolution
		SolutionGuid = {5FEECD0A-A0D3-46A7-930F-3D7E8C401879}
	EndGlobalSection
EndGlobal
